
Microsoft Visual Studio Solution File, Format Version 12.00
# Visual Studio Version 17
VisualStudioVersion = 17.0.31903.59
MinimumVisualStudioVersion = 10.0.40219.1
Project("{2150E333-8FDC-42A3-9474-1A3956D46DE8}") = "src", "src", "{827E0CD3-B72D-47B6-A68D-7590B98EB39B}"
EndProject
Project("{FAE04EC0-301F-11D3-BF4B-00C04F79EFBC}") = "HeavyStringFilteringAPP.API", "src\HeavyStringFilteringAPP.API\HeavyStringFilteringAPP.API.csproj", "{ABDCE178-1424-4C79-BB86-6A60002C3B89}"
EndProject
Project("{FAE04EC0-301F-11D3-BF4B-00C04F79EFBC}") = "HeavyStringFilteringAPP.Core", "src\HeavyStringFilteringAPP.Core\HeavyStringFilteringAPP.Core.csproj", "{AF8D8DE2-13DF-4661-8A5D-07FABE7A78F3}"
EndProject
Project("{FAE04EC0-301F-11D3-BF4B-00C04F79EFBC}") = "HeavyStringFilteringAPP.Application", "src\HeavyStringFilteringAPP.Application\HeavyStringFilteringAPP.Application.csproj", "{A8485BD8-EBE2-4A50-AC34-AC04902229E5}"
EndProject
Project("{FAE04EC0-301F-11D3-BF4B-00C04F79EFBC}") = "HeavyStringFilteringAPP.Infrastructure", "src\HeavyStringFilteringAPP.Infrastructure\HeavyStringFilteringAPP.Infrastructure.csproj", "{804A9660-5C4E-4AEB-A5C4-378511C7EEA4}"
EndProject
Project("{2150E333-8FDC-42A3-9474-1A3956D46DE8}") = "tests", "tests", "{0AB3BF05-4346-4AA6-1389-037BE0695223}"
EndProject
Project("{FAE04EC0-301F-11D3-BF4B-00C04F79EFBC}") = "HeavyStringFilteringAPP.UnitTests", "tests\HeavyStringFilteringAPP.UnitTests\HeavyStringFilteringAPP.UnitTests.csproj", "{A4070B78-9D3C-45EC-8740-CD4A18804A4E}"
EndProject
Global
	GlobalSection(SolutionConfigurationPlatforms) = preSolution
		Debug|Any CPU = Debug|Any CPU
		Debug|x64 = Debug|x64
		Debug|x86 = Debug|x86
		Release|Any CPU = Release|Any CPU
		Release|x64 = Release|x64
		Release|x86 = Release|x86
	EndGlobalSection
	GlobalSection(ProjectConfigurationPlatforms) = postSolution
		{ABDCE178-1424-4C79-BB86-6A60002C3B89}.Debug|Any CPU.ActiveCfg = Debug|Any CPU
		{ABDCE178-1424-4C79-BB86-6A60002C3B89}.Debug|Any CPU.Build.0 = Debug|Any CPU
		{ABDCE178-1424-4C79-BB86-6A60002C3B89}.Debug|x64.ActiveCfg = Debug|Any CPU
		{ABDCE178-1424-4C79-BB86-6A60002C3B89}.Debug|x64.Build.0 = Debug|Any CPU
		{ABDCE178-1424-4C79-BB86-6A60002C3B89}.Debug|x86.ActiveCfg = Debug|Any CPU
		{ABDCE178-1424-4C79-BB86-6A60002C3B89}.Debug|x86.Build.0 = Debug|Any CPU
		{ABDCE178-1424-4C79-BB86-6A60002C3B89}.Release|Any CPU.ActiveCfg = Release|Any CPU
		{ABDCE178-1424-4C79-BB86-6A60002C3B89}.Release|Any CPU.Build.0 = Release|Any CPU
		{ABDCE178-1424-4C79-BB86-6A60002C3B89}.Release|x64.ActiveCfg = Release|Any CPU
		{ABDCE178-1424-4C79-BB86-6A60002C3B89}.Release|x64.Build.0 = Release|Any CPU
		{ABDCE178-1424-4C79-BB86-6A60002C3B89}.Release|x86.ActiveCfg = Release|Any CPU
		{ABDCE178-1424-4C79-BB86-6A60002C3B89}.Release|x86.Build.0 = Release|Any CPU
		{AF8D8DE2-13DF-4661-8A5D-07FABE7A78F3}.Debug|Any CPU.ActiveCfg = Debug|Any CPU
		{AF8D8DE2-13DF-4661-8A5D-07FABE7A78F3}.Debug|Any CPU.Build.0 = Debug|Any CPU
		{AF8D8DE2-13DF-4661-8A5D-07FABE7A78F3}.Debug|x64.ActiveCfg = Debug|Any CPU
		{AF8D8DE2-13DF-4661-8A5D-07FABE7A78F3}.Debug|x64.Build.0 = Debug|Any CPU
		{AF8D8DE2-13DF-4661-8A5D-07FABE7A78F3}.Debug|x86.ActiveCfg = Debug|Any CPU
		{AF8D8DE2-13DF-4661-8A5D-07FABE7A78F3}.Debug|x86.Build.0 = Debug|Any CPU
		{AF8D8DE2-13DF-4661-8A5D-07FABE7A78F3}.Release|Any CPU.ActiveCfg = Release|Any CPU
		{AF8D8DE2-13DF-4661-8A5D-07FABE7A78F3}.Release|Any CPU.Build.0 = Release|Any CPU
		{AF8D8DE2-13DF-4661-8A5D-07FABE7A78F3}.Release|x64.ActiveCfg = Release|Any CPU
		{AF8D8DE2-13DF-4661-8A5D-07FABE7A78F3}.Release|x64.Build.0 = Release|Any CPU
		{AF8D8DE2-13DF-4661-8A5D-07FABE7A78F3}.Release|x86.ActiveCfg = Release|Any CPU
		{AF8D8DE2-13DF-4661-8A5D-07FABE7A78F3}.Release|x86.Build.0 = Release|Any CPU
		{A8485BD8-EBE2-4A50-AC34-AC04902229E5}.Debug|Any CPU.ActiveCfg = Debug|Any CPU
		{A8485BD8-EBE2-4A50-AC34-AC04902229E5}.Debug|Any CPU.Build.0 = Debug|Any CPU
		{A8485BD8-EBE2-4A50-AC34-AC04902229E5}.Debug|x64.ActiveCfg = Debug|Any CPU
		{A8485BD8-EBE2-4A50-AC34-AC04902229E5}.Debug|x64.Build.0 = Debug|Any CPU
		{A8485BD8-EBE2-4A50-AC34-AC04902229E5}.Debug|x86.ActiveCfg = Debug|Any CPU
		{A8485BD8-EBE2-4A50-AC34-AC04902229E5}.Debug|x86.Build.0 = Debug|Any CPU
		{A8485BD8-EBE2-4A50-AC34-AC04902229E5}.Release|Any CPU.ActiveCfg = Release|Any CPU
		{A8485BD8-EBE2-4A50-AC34-AC04902229E5}.Release|Any CPU.Build.0 = Release|Any CPU
		{A8485BD8-EBE2-4A50-AC34-AC04902229E5}.Release|x64.ActiveCfg = Release|Any CPU
		{A8485BD8-EBE2-4A50-AC34-AC04902229E5}.Release|x64.Build.0 = Release|Any CPU
		{A8485BD8-EBE2-4A50-AC34-AC04902229E5}.Release|x86.ActiveCfg = Release|Any CPU
		{A8485BD8-EBE2-4A50-AC34-AC04902229E5}.Release|x86.Build.0 = Release|Any CPU
		{804A9660-5C4E-4AEB-A5C4-378511C7EEA4}.Debug|Any CPU.ActiveCfg = Debug|Any CPU
		{804A9660-5C4E-4AEB-A5C4-378511C7EEA4}.Debug|Any CPU.Build.0 = Debug|Any CPU
		{804A9660-5C4E-4AEB-A5C4-378511C7EEA4}.Debug|x64.ActiveCfg = Debug|Any CPU
		{804A9660-5C4E-4AEB-A5C4-378511C7EEA4}.Debug|x64.Build.0 = Debug|Any CPU
		{804A9660-5C4E-4AEB-A5C4-378511C7EEA4}.Debug|x86.ActiveCfg = Debug|Any CPU
		{804A9660-5C4E-4AEB-A5C4-378511C7EEA4}.Debug|x86.Build.0 = Debug|Any CPU
		{804A9660-5C4E-4AEB-A5C4-378511C7EEA4}.Release|Any CPU.ActiveCfg = Release|Any CPU
		{804A9660-5C4E-4AEB-A5C4-378511C7EEA4}.Release|Any CPU.Build.0 = Release|Any CPU
		{804A9660-5C4E-4AEB-A5C4-378511C7EEA4}.Release|x64.ActiveCfg = Release|Any CPU
		{804A9660-5C4E-4AEB-A5C4-378511C7EEA4}.Release|x64.Build.0 = Release|Any CPU
		{804A9660-5C4E-4AEB-A5C4-378511C7EEA4}.Release|x86.ActiveCfg = Release|Any CPU
		{804A9660-5C4E-4AEB-A5C4-378511C7EEA4}.Release|x86.Build.0 = Release|Any CPU
		{A4070B78-9D3C-45EC-8740-CD4A18804A4E}.Debug|Any CPU.ActiveCfg = Debug|Any CPU
		{A4070B78-9D3C-45EC-8740-CD4A18804A4E}.Debug|Any CPU.Build.0 = Debug|Any CPU
		{A4070B78-9D3C-45EC-8740-CD4A18804A4E}.Debug|x64.ActiveCfg = Debug|Any CPU
		{A4070B78-9D3C-45EC-8740-CD4A18804A4E}.Debug|x64.Build.0 = Debug|Any CPU
		{A4070B78-9D3C-45EC-8740-CD4A18804A4E}.Debug|x86.ActiveCfg = Debug|Any CPU
		{A4070B78-9D3C-45EC-8740-CD4A18804A4E}.Debug|x86.Build.0 = Debug|Any CPU
		{A4070B78-9D3C-45EC-8740-CD4A18804A4E}.Release|Any CPU.ActiveCfg = Release|Any CPU
		{A4070B78-9D3C-45EC-8740-CD4A18804A4E}.Release|Any CPU.Build.0 = Release|Any CPU
		{A4070B78-9D3C-45EC-8740-CD4A18804A4E}.Release|x64.ActiveCfg = Release|Any CPU
		{A4070B78-9D3C-45EC-8740-CD4A18804A4E}.Release|x64.Build.0 = Release|Any CPU
		{A4070B78-9D3C-45EC-8740-CD4A18804A4E}.Release|x86.ActiveCfg = Release|Any CPU
		{A4070B78-9D3C-45EC-8740-CD4A18804A4E}.Release|x86.Build.0 = Release|Any CPU
	EndGlobalSection
	GlobalSection(SolutionProperties) = preSolution
		HideSolutionNode = FALSE
	EndGlobalSection
	GlobalSection(NestedProjects) = preSolution
		{ABDCE178-1424-4C79-BB86-6A60002C3B89} = {827E0CD3-B72D-47B6-A68D-7590B98EB39B}
		{AF8D8DE2-13DF-4661-8A5D-07FABE7A78F3} = {827E0CD3-B72D-47B6-A68D-7590B98EB39B}
		{A8485BD8-EBE2-4A50-AC34-AC04902229E5} = {827E0CD3-B72D-47B6-A68D-7590B98EB39B}
		{804A9660-5C4E-4AEB-A5C4-378511C7EEA4} = {827E0CD3-B72D-47B6-A68D-7590B98EB39B}
		{A4070B78-9D3C-45EC-8740-CD4A18804A4E} = {0AB3BF05-4346-4AA6-1389-037BE0695223}
	EndGlobalSection
EndGlobal
